
Microsoft Visual Studio Solution File, Format Version 12.00
# Visual Studio 15
VisualStudioVersion = 15.0.28307.489
MinimumVisualStudioVersion = 10.0.40219.1
Project("{FAE04EC0-301F-11D3-BF4B-00C04F79EFBC}") = "ZodiacFunctions", "ZodiacFunctions\ZodiacFunctions.csproj", "{47A64B22-4D90-4FF3-B465-4B53516BD235}"
EndProject
Global
	GlobalSection(SolutionConfigurationPlatforms) = preSolution
		Debug|Any CPU = Debug|Any CPU
		Release|Any CPU = Release|Any CPU
	EndGlobalSection
	GlobalSection(ProjectConfigurationPlatforms) = postSolution
		{47A64B22-4D90-4FF3-B465-4B53516BD235}.Debug|Any CPU.ActiveCfg = Debug|Any CPU
		{47A64B22-4D90-4FF3-B465-4B53516BD235}.Debug|Any CPU.Build.0 = Debug|Any CPU
		{47A64B22-4D90-4FF3-B465-4B53516BD235}.Release|Any CPU.ActiveCfg = Release|Any CPU
		{47A64B22-4D90-4FF3-B465-4B53516BD235}.Release|Any CPU.Build.0 = Release|Any CPU
	EndGlobalSection
	GlobalSection(SolutionProperties) = preSolution
		HideSolutionNode = FALSE
	EndGlobalSection
	GlobalSection(ExtensibilityGlobals) = postSolution
		SolutionGuid = {867D3842-60DF-4A0C-AA39-53318909BFDF}
	EndGlobalSection
EndGlobal
